
Microsoft Visual Studio Solution File, Format Version 12.00
# Visual Studio 15
VisualStudioVersion = 15.0.27130.2036
MinimumVisualStudioVersion = 10.0.40219.1
Project("{FAE04EC0-301F-11D3-BF4B-00C04F79EFBC}") = "DemoGitFromVS", "DemoGitFromVS\DemoGitFromVS.csproj", "{8E616E7D-B45D-4364-BC85-58EBC792D264}"
EndProject
Global
	GlobalSection(SolutionConfigurationPlatforms) = preSolution
		Debug|Any CPU = Debug|Any CPU
		Release|Any CPU = Release|Any CPU
	EndGlobalSection
	GlobalSection(ProjectConfigurationPlatforms) = postSolution
		{8E616E7D-B45D-4364-BC85-58EBC792D264}.Debug|Any CPU.ActiveCfg = Debug|Any CPU
		{8E616E7D-B45D-4364-BC85-58EBC792D264}.Debug|Any CPU.Build.0 = Debug|Any CPU
		{8E616E7D-B45D-4364-BC85-58EBC792D264}.Release|Any CPU.ActiveCfg = Release|Any CPU
		{8E616E7D-B45D-4364-BC85-58EBC792D264}.Release|Any CPU.Build.0 = Release|Any CPU
	EndGlobalSection
	GlobalSection(SolutionProperties) = preSolution
		HideSolutionNode = FALSE
	EndGlobalSection
	GlobalSection(ExtensibilityGlobals) = postSolution
		SolutionGuid = {899F72CC-A161-4F18-8A5B-96C3C817F544}
	EndGlobalSection
EndGlobal
